
Microsoft Visual Studio Solution File, Format Version 12.00
# Visual Studio 14
VisualStudioVersion = 14.0.25123.0
MinimumVisualStudioVersion = 10.0.40219.1
Project("{FAE04EC0-301F-11D3-BF4B-00C04F79EFBC}") = "SharpRaven.ToStorage", "SharpRaven.ToStorage\SharpRaven.ToStorage.csproj", "{54055460-F458-4FEA-AA18-A32179C4E7B3}"
EndProject
Global
	GlobalSection(SolutionConfigurationPlatforms) = preSolution
		Debug|Any CPU = Debug|Any CPU
		Release 4.0|Any CPU = Release 4.0|Any CPU
		Release 4.5|Any CPU = Release 4.5|Any CPU
		Release|Any CPU = Release|Any CPU
	EndGlobalSection
	GlobalSection(ProjectConfigurationPlatforms) = postSolution
		{54055460-F458-4FEA-AA18-A32179C4E7B3}.Debug|Any CPU.ActiveCfg = Debug|Any CPU
		{54055460-F458-4FEA-AA18-A32179C4E7B3}.Debug|Any CPU.Build.0 = Debug|Any CPU
		{54055460-F458-4FEA-AA18-A32179C4E7B3}.Release 4.0|Any CPU.ActiveCfg = Release 4.0|Any CPU
		{54055460-F458-4FEA-AA18-A32179C4E7B3}.Release 4.0|Any CPU.Build.0 = Release 4.0|Any CPU
		{54055460-F458-4FEA-AA18-A32179C4E7B3}.Release 4.5|Any CPU.ActiveCfg = Release 4.5|Any CPU
		{54055460-F458-4FEA-AA18-A32179C4E7B3}.Release 4.5|Any CPU.Build.0 = Release 4.5|Any CPU
		{54055460-F458-4FEA-AA18-A32179C4E7B3}.Release|Any CPU.ActiveCfg = Release|Any CPU
		{54055460-F458-4FEA-AA18-A32179C4E7B3}.Release|Any CPU.Build.0 = Release|Any CPU
	EndGlobalSection
	GlobalSection(SolutionProperties) = preSolution
		HideSolutionNode = FALSE
	EndGlobalSection
EndGlobal
